Microsoft Visual Studio Solution File, Format Version 12.00
# Visual Studio Version 17
VisualStudioVersion = 17.5.2.0
MinimumVisualStudioVersion = 10.0.40219.1
Project("{FAE04EC0-301F-11D3-BF4B-00C04F79EFBC}") = "CSharpTraining", "CSharpTraining.csproj", "{57905AE0-8CFB-B4AE-D69E-977E79DCE27D}"
EndProject
Global
	GlobalSection(SolutionConfigurationPlatforms) = preSolution
		Debug|Any CPU = Debug|Any CPU
		Release|Any CPU = Release|Any CPU
	EndGlobalSection
	GlobalSection(ProjectConfigurationPlatforms) = postSolution
		{57905AE0-8CFB-B4AE-D69E-977E79DCE27D}.Debug|Any CPU.ActiveCfg = Debug|Any CPU
		{57905AE0-8CFB-B4AE-D69E-977E79DCE27D}.Debug|Any CPU.Build.0 = Debug|Any CPU
		{57905AE0-8CFB-B4AE-D69E-977E79DCE27D}.Release|Any CPU.ActiveCfg = Release|Any CPU
		{57905AE0-8CFB-B4AE-D69E-977E79DCE27D}.Release|Any CPU.Build.0 = Release|Any CPU
	EndGlobalSection
	GlobalSection(SolutionProperties) = preSolution
		HideSolutionNode = FALSE
	EndGlobalSection
	GlobalSection(ExtensibilityGlobals) = postSolution
		SolutionGuid = {6C3AE9FE-72C4-426E-8C80-313FCE56D4C1}
	EndGlobalSection
EndGlobal
